
Microsoft Visual Studio Solution File, Format Version 12.00
# Visual Studio Version 17
VisualStudioVersion = 17.3.32901.215
MinimumVisualStudioVersion = 10.0.40219.1
Project("{FAE04EC0-301F-11D3-BF4B-00C04F79EFBC}") = "OOP 1", "OOP 1.csproj", "{DFE4F54E-D40C-4E9A-BF61-97FD685BED29}"
EndProject
Global
	GlobalSection(SolutionConfigurationPlatforms) = preSolution
		Debug|Any CPU = Debug|Any CPU
		Release|Any CPU = Release|Any CPU
	EndGlobalSection
	GlobalSection(ProjectConfigurationPlatforms) = postSolution
		{DFE4F54E-D40C-4E9A-BF61-97FD685BED29}.Debug|Any CPU.ActiveCfg = Debug|Any CPU
		{DFE4F54E-D40C-4E9A-BF61-97FD685BED29}.Debug|Any CPU.Build.0 = Debug|Any CPU
		{DFE4F54E-D40C-4E9A-BF61-97FD685BED29}.Release|Any CPU.ActiveCfg = Release|Any CPU
		{DFE4F54E-D40C-4E9A-BF61-97FD685BED29}.Release|Any CPU.Build.0 = Release|Any CPU
	EndGlobalSection
	GlobalSection(SolutionProperties) = preSolution
		HideSolutionNode = FALSE
	EndGlobalSection
	GlobalSection(ExtensibilityGlobals) = postSolution
		SolutionGuid = {B7663AC2-D6A1-4F35-AD1C-A4621A44C235}
	EndGlobalSection
EndGlobal
